
Microsoft Visual Studio Solution File, Format Version 12.00
# Visual Studio Version 17
VisualStudioVersion = 17.5.33414.496
MinimumVisualStudioVersion = 10.0.40219.1
Project("{FAE04EC0-301F-11D3-BF4B-00C04F79EFBC}") = "personel_Kayıt", "personel_Kayıt\personel_Kayıt.csproj", "{B04DB7FD-373F-4B57-A542-F6834A81A372}"
EndProject
Global
	GlobalSection(SolutionConfigurationPlatforms) = preSolution
		Debug|Any CPU = Debug|Any CPU
		Release|Any CPU = Release|Any CPU
	EndGlobalSection
	GlobalSection(ProjectConfigurationPlatforms) = postSolution
		{B04DB7FD-373F-4B57-A542-F6834A81A372}.Debug|Any CPU.ActiveCfg = Debug|Any CPU
		{B04DB7FD-373F-4B57-A542-F6834A81A372}.Debug|Any CPU.Build.0 = Debug|Any CPU
		{B04DB7FD-373F-4B57-A542-F6834A81A372}.Release|Any CPU.ActiveCfg = Release|Any CPU
		{B04DB7FD-373F-4B57-A542-F6834A81A372}.Release|Any CPU.Build.0 = Release|Any CPU
	EndGlobalSection
	GlobalSection(SolutionProperties) = preSolution
		HideSolutionNode = FALSE
	EndGlobalSection
	GlobalSection(ExtensibilityGlobals) = postSolution
		SolutionGuid = {D93BEE09-1CB8-4707-A089-BB853B918126}
	EndGlobalSection
EndGlobal
